
Microsoft Visual Studio Solution File, Format Version 12.00
# Visual Studio 15
VisualStudioVersion = 15.0.26124.0
MinimumVisualStudioVersion = 15.0.26124.0
Project("{FAE04EC0-301F-11D3-BF4B-00C04F79EFBC}") = "Domain", "Domain\Domain.csproj", "{35326FE3-009F-46F2-8F49-77B607912308}"
EndProject
Project("{FAE04EC0-301F-11D3-BF4B-00C04F79EFBC}") = "Application", "Application\Application.csproj", "{FB098AC6-9473-4659-AC60-5FC2A0F062DE}"
EndProject
Project("{FAE04EC0-301F-11D3-BF4B-00C04F79EFBC}") = "Persistence", "Persistence\Persistence.csproj", "{AA784BF8-8B6D-430C-99E6-B0D25038E361}"
EndProject
Project("{FAE04EC0-301F-11D3-BF4B-00C04F79EFBC}") = "API", "API\API.csproj", "{B006C401-2B65-4DD7-B81F-2AD845B28526}"
EndProject
Global
	GlobalSection(SolutionConfigurationPlatforms) = preSolution
		Debug|Any CPU = Debug|Any CPU
		Debug|x64 = Debug|x64
		Debug|x86 = Debug|x86
		Release|Any CPU = Release|Any CPU
		Release|x64 = Release|x64
		Release|x86 = Release|x86
	EndGlobalSection
	GlobalSection(SolutionProperties) = preSolution
		HideSolutionNode = FALSE
	EndGlobalSection
	GlobalSection(ProjectConfigurationPlatforms) = postSolution
		{35326FE3-009F-46F2-8F49-77B607912308}.Debug|Any CPU.ActiveCfg = Debug|Any CPU
		{35326FE3-009F-46F2-8F49-77B607912308}.Debug|Any CPU.Build.0 = Debug|Any CPU
		{35326FE3-009F-46F2-8F49-77B607912308}.Debug|x64.ActiveCfg = Debug|Any CPU
		{35326FE3-009F-46F2-8F49-77B607912308}.Debug|x64.Build.0 = Debug|Any CPU
		{35326FE3-009F-46F2-8F49-77B607912308}.Debug|x86.ActiveCfg = Debug|Any CPU
		{35326FE3-009F-46F2-8F49-77B607912308}.Debug|x86.Build.0 = Debug|Any CPU
		{35326FE3-009F-46F2-8F49-77B607912308}.Release|Any CPU.ActiveCfg = Release|Any CPU
		{35326FE3-009F-46F2-8F49-77B607912308}.Release|Any CPU.Build.0 = Release|Any CPU
		{35326FE3-009F-46F2-8F49-77B607912308}.Release|x64.ActiveCfg = Release|Any CPU
		{35326FE3-009F-46F2-8F49-77B607912308}.Release|x64.Build.0 = Release|Any CPU
		{35326FE3-009F-46F2-8F49-77B607912308}.Release|x86.ActiveCfg = Release|Any CPU
		{35326FE3-009F-46F2-8F49-77B607912308}.Release|x86.Build.0 = Release|Any CPU
		{FB098AC6-9473-4659-AC60-5FC2A0F062DE}.Debug|Any CPU.ActiveCfg = Debug|Any CPU
		{FB098AC6-9473-4659-AC60-5FC2A0F062DE}.Debug|Any CPU.Build.0 = Debug|Any CPU
		{FB098AC6-9473-4659-AC60-5FC2A0F062DE}.Debug|x64.ActiveCfg = Debug|Any CPU
		{FB098AC6-9473-4659-AC60-5FC2A0F062DE}.Debug|x64.Build.0 = Debug|Any CPU
		{FB098AC6-9473-4659-AC60-5FC2A0F062DE}.Debug|x86.ActiveCfg = Debug|Any CPU
		{FB098AC6-9473-4659-AC60-5FC2A0F062DE}.Debug|x86.Build.0 = Debug|Any CPU
		{FB098AC6-9473-4659-AC60-5FC2A0F062DE}.Release|Any CPU.ActiveCfg = Release|Any CPU
		{FB098AC6-9473-4659-AC60-5FC2A0F062DE}.Release|Any CPU.Build.0 = Release|Any CPU
		{FB098AC6-9473-4659-AC60-5FC2A0F062DE}.Release|x64.ActiveCfg = Release|Any CPU
		{FB098AC6-9473-4659-AC60-5FC2A0F062DE}.Release|x64.Build.0 = Release|Any CPU
		{FB098AC6-9473-4659-AC60-5FC2A0F062DE}.Release|x86.ActiveCfg = Release|Any CPU
		{FB098AC6-9473-4659-AC60-5FC2A0F062DE}.Release|x86.Build.0 = Release|Any CPU
		{AA784BF8-8B6D-430C-99E6-B0D25038E361}.Debug|Any CPU.ActiveCfg = Debug|Any CPU
		{AA784BF8-8B6D-430C-99E6-B0D25038E361}.Debug|Any CPU.Build.0 = Debug|Any CPU
		{AA784BF8-8B6D-430C-99E6-B0D25038E361}.Debug|x64.ActiveCfg = Debug|Any CPU
		{AA784BF8-8B6D-430C-99E6-B0D25038E361}.Debug|x64.Build.0 = Debug|Any CPU
		{AA784BF8-8B6D-430C-99E6-B0D25038E361}.Debug|x86.ActiveCfg = Debug|Any CPU
		{AA784BF8-8B6D-430C-99E6-B0D25038E361}.Debug|x86.Build.0 = Debug|Any CPU
		{AA784BF8-8B6D-430C-99E6-B0D25038E361}.Release|Any CPU.ActiveCfg = Release|Any CPU
		{AA784BF8-8B6D-430C-99E6-B0D25038E361}.Release|Any CPU.Build.0 = Release|Any CPU
		{AA784BF8-8B6D-430C-99E6-B0D25038E361}.Release|x64.ActiveCfg = Release|Any CPU
		{AA784BF8-8B6D-430C-99E6-B0D25038E361}.Release|x64.Build.0 = Release|Any CPU
		{AA784BF8-8B6D-430C-99E6-B0D25038E361}.Release|x86.ActiveCfg = Release|Any CPU
		{AA784BF8-8B6D-430C-99E6-B0D25038E361}.Release|x86.Build.0 = Release|Any CPU
		{B006C401-2B65-4DD7-B81F-2AD845B28526}.Debug|Any CPU.ActiveCfg = Debug|Any CPU
		{B006C401-2B65-4DD7-B81F-2AD845B28526}.Debug|Any CPU.Build.0 = Debug|Any CPU
		{B006C401-2B65-4DD7-B81F-2AD845B28526}.Debug|x64.ActiveCfg = Debug|Any CPU
		{B006C401-2B65-4DD7-B81F-2AD845B28526}.Debug|x64.Build.0 = Debug|Any CPU
		{B006C401-2B65-4DD7-B81F-2AD845B28526}.Debug|x86.ActiveCfg = Debug|Any CPU
		{B006C401-2B65-4DD7-B81F-2AD845B28526}.Debug|x86.Build.0 = Debug|Any CPU
		{B006C401-2B65-4DD7-B81F-2AD845B28526}.Release|Any CPU.ActiveCfg = Release|Any CPU
		{B006C401-2B65-4DD7-B81F-2AD845B28526}.Release|Any CPU.Build.0 = Release|Any CPU
		{B006C401-2B65-4DD7-B81F-2AD845B28526}.Release|x64.ActiveCfg = Release|Any CPU
		{B006C401-2B65-4DD7-B81F-2AD845B28526}.Release|x64.Build.0 = Release|Any CPU
		{B006C401-2B65-4DD7-B81F-2AD845B28526}.Release|x86.ActiveCfg = Release|Any CPU
		{B006C401-2B65-4DD7-B81F-2AD845B28526}.Release|x86.Build.0 = Release|Any CPU
	EndGlobalSection
EndGlobal
